
Microsoft Visual Studio Solution File, Format Version 12.00
# Visual Studio Version 17
VisualStudioVersion = 17.0.31903.59
MinimumVisualStudioVersion = 10.0.40219.1
Project("{2150E333-8FDC-42A3-9474-1A3956D46DE8}") = "Modules", "Modules", "{E827F25C-DCA2-4758-A935-88BECC5C76ED}"
EndProject
Project("{FAE04EC0-301F-11D3-BF4B-00C04F79EFBC}") = "Momolith.Modules", "Momolith.Modules\Momolith.Modules\Momolith.Modules.csproj", "{180AF80E-4595-4483-A73B-B622A47A6E1F}"
EndProject
Project("{2150E333-8FDC-42A3-9474-1A3956D46DE8}") = "Samples", "Samples", "{BE98BDC1-82ED-44B8-B2F5-797600E88B60}"
EndProject
Project("{FAE04EC0-301F-11D3-BF4B-00C04F79EFBC}") = "Momolith.Samples.Console", "Momolith.Samples\Console\Momolith.Samples.Console.csproj", "{4152D480-303A-40D8-BF90-DB8EAE29358B}"
EndProject
Global
	GlobalSection(SolutionConfigurationPlatforms) = preSolution
		Debug|Any CPU = Debug|Any CPU
		Release|Any CPU = Release|Any CPU
	EndGlobalSection
	GlobalSection(SolutionProperties) = preSolution
		HideSolutionNode = FALSE
	EndGlobalSection
	GlobalSection(ProjectConfigurationPlatforms) = postSolution
		{180AF80E-4595-4483-A73B-B622A47A6E1F}.Debug|Any CPU.ActiveCfg = Debug|Any CPU
		{180AF80E-4595-4483-A73B-B622A47A6E1F}.Debug|Any CPU.Build.0 = Debug|Any CPU
		{180AF80E-4595-4483-A73B-B622A47A6E1F}.Release|Any CPU.ActiveCfg = Release|Any CPU
		{180AF80E-4595-4483-A73B-B622A47A6E1F}.Release|Any CPU.Build.0 = Release|Any CPU
		{4152D480-303A-40D8-BF90-DB8EAE29358B}.Debug|Any CPU.ActiveCfg = Debug|Any CPU
		{4152D480-303A-40D8-BF90-DB8EAE29358B}.Debug|Any CPU.Build.0 = Debug|Any CPU
		{4152D480-303A-40D8-BF90-DB8EAE29358B}.Release|Any CPU.ActiveCfg = Release|Any CPU
		{4152D480-303A-40D8-BF90-DB8EAE29358B}.Release|Any CPU.Build.0 = Release|Any CPU
	EndGlobalSection
	GlobalSection(NestedProjects) = preSolution
		{180AF80E-4595-4483-A73B-B622A47A6E1F} = {E827F25C-DCA2-4758-A935-88BECC5C76ED}
		{4152D480-303A-40D8-BF90-DB8EAE29358B} = {BE98BDC1-82ED-44B8-B2F5-797600E88B60}
	EndGlobalSection
EndGlobal
